// !$*UTF8*$!
{
	archiveVersion = 1;
	classes = {
	};
	objectVersion = 46;
	objects = {

/* Begin PBXBuildFile section */
		163E6C5E1CE3A77800E971A0 /* MainViewController.m in Sources */ = {isa = PBXBuildFile; fileRef = 163E6C5D1CE3A77800E971A0 /* MainViewController.m */; };
		163E6C641CE3BC9600E971A0 /* BodyViewController.m in Sources */ = {isa = PBXBuildFile; fileRef = 163E6C631CE3BC9600E971A0 /* BodyViewController.m */; };
		9CE5AF6F1CE296E100445462 /* main.m in Sources */ = {isa = PBXBuildFile; fileRef = 9CE5AF6E1CE296E100445462 /* main.m */; };
		9CE5AF721CE296E100445462 /* AppDelegate.m in Sources */ = {isa = PBXBuildFile; fileRef = 9CE5AF711CE296E100445462 /* AppDelegate.m */; };
		9CE5AF7A1CE296E100445462 /* Assets.xcassets in Resources */ = {isa = PBXBuildFile; fileRef = 9CE5AF791CE296E100445462 /* Assets.xcassets */; };
		9CE5AF7D1CE296E100445462 /* LaunchScreen.storyboard in Resources */ = {isa = PBXBuildFile; fileRef = 9CE5AF7B1CE296E100445462 /* LaunchScreen.storyboard */; };
		9CE5AF861CE299EF00445462 /* HomeViewController.m in Sources */ = {isa = PBXBuildFile; fileRef = 9CE5AF851CE299EF00445462 /* HomeViewController.m */; };
		9CE5AF891CE29A0D00445462 /* ContactViewController.m in Sources */ = {isa = PBXBuildFile; fileRef = 9CE5AF881CE29A0D00445462 /* ContactViewController.m */; };
		9CE5AF8C1CE29A1600445462 /* HelpViewController.m in Sources */ = {isa = PBXBuildFile; fileRef = 9CE5AF8B1CE29A1600445462 /* HelpViewController.m */; };
/* End PBXBuildFile section */

/* Begin PBXFileReference section */
		163E6C5C1CE3A77800E971A0 /* MainViewController.h */ = {isa = PBXFileReference; fileEncoding = 4; lastKnownFileType = sourcecode.c.h; path = MainViewController.h; sourceTree = "<group>"; };
		163E6C5D1CE3A77800E971A0 /* MainViewController.m */ = {isa = PBXFileReference; fileEncoding = 4; lastKnownFileType = sourcecode.c.objc; path = MainViewController.m; sourceTree = "<group>"; };
		163E6C621CE3BC9600E971A0 /* BodyViewController.h */ = {isa = PBXFileReference; fileEncoding = 4; lastKnownFileType = sourcecode.c.h; name = BodyViewController.h; path = ../BodyViewController.h; sourceTree = "<group>"; };
		163E6C631CE3BC9600E971A0 /* BodyViewController.m */ = {isa = PBXFileReference; fileEncoding = 4; lastKnownFileType = sourcecode.c.objc; name = BodyViewController.m; path = ../BodyViewController.m; sourceTree = "<group>"; };
		9CE5AF6A1CE296E100445462 /* FirstApp.app */ = {isa = PBXFileReference; explicitFileType = wrapper.application; includeInIndex = 0; path = FirstApp.app; sourceTree = BUILT_PRODUCTS_DIR; };
		9CE5AF6E1CE296E100445462 /* main.m */ = {isa = PBXFileReference; lastKnownFileType = sourcecode.c.objc; path = main.m; sourceTree = "<group>"; };
		9CE5AF701CE296E100445462 /* AppDelegate.h */ = {isa = PBXFileReference; lastKnownFileType = sourcecode.c.h; path = AppDelegate.h; sourceTree = "<group>"; };
		9CE5AF711CE296E100445462 /* AppDelegate.m */ = {isa = PBXFileReference; lastKnownFileType = sourcecode.c.objc; path = AppDelegate.m; sourceTree = "<group>"; };
		9CE5AF791CE296E100445462 /* Assets.xcassets */ = {isa = PBXFileReference; lastKnownFileType = folder.assetcatalog; path = Assets.xcassets; sourceTree = "<group>"; };
		9CE5AF7C1CE296E100445462 /* Base */ = {isa = PBXFileReference; lastKnownFileType = file.storyboard; name = Base; path = Base.lproj/LaunchScreen.storyboard; sourceTree = "<group>"; };
		9CE5AF7E1CE296E100445462 /* Info.plist */ = {isa = PBXFileReference; lastKnownFileType = text.plist.xml; path = Info.plist; sourceTree = "<group>"; };
		9CE5AF841CE299EF00445462 /* HomeViewController.h */ = {isa = PBXFileReference; fileEncoding = 4; lastKnownFileType = sourcecode.c.h; path = HomeViewController.h; sourceTree = "<group>"; };
		9CE5AF851CE299EF00445462 /* HomeViewController.m */ = {isa = PBXFileReference; fileEncoding = 4; lastKnownFileType = sourcecode.c.objc; path = HomeViewController.m; sourceTree = "<group>"; };
		9CE5AF871CE29A0D00445462 /* ContactViewController.h */ = {isa = PBXFileReference; fileEncoding = 4; lastKnownFileType = sourcecode.c.h; path = ContactViewController.h; sourceTree = "<group>"; };
		9CE5AF881CE29A0D00445462 /* ContactViewController.m */ = {isa = PBXFileReference; fileEncoding = 4; lastKnownFileType = sourcecode.c.objc; path = ContactViewController.m; sourceTree = "<group>"; };
		9CE5AF8A1CE29A1600445462 /* HelpViewController.h */ = {isa = PBXFileReference; fileEncoding = 4; lastKnownFileType = sourcecode.c.h; path = HelpViewController.h; sourceTree = "<group>"; };
		9CE5AF8B1CE29A1600445462 /* HelpViewController.m */ = {isa = PBXFileReference; fileEncoding = 4; lastKnownFileType = sourcecode.c.objc; path = HelpViewController.m; sourceTree = "<group>"; };
/* End PBXFileReference section */

/* Begin PBXFrameworksBuildPhase section */
		9CE5AF671CE296E100445462 /* Frameworks */ = {
			isa = PBXFrameworksBuildPhase;
			buildActionMask = 2147483647;
			files = (
			);
			runOnlyForDeploymentPostprocessing = 0;
		};
/* End PBXFrameworksBuildPhase section */

/* Begin PBXGroup section */
		9CE5AF611CE296E100445462 = {
			isa = PBXGroup;
			children = (
				9CE5AF6C1CE296E100445462 /* FirstApp */,
				9CE5AF6B1CE296E100445462 /* Products */,
			);
			sourceTree = "<group>";
		};
		9CE5AF6B1CE296E100445462 /* Products */ = {
			isa = PBXGroup;
			children = (
				9CE5AF6A1CE296E100445462 /* FirstApp.app */,
			);
			name = Products;
			sourceTree = "<group>";
		};
		9CE5AF6C1CE296E100445462 /* FirstApp */ = {
			isa = PBXGroup;
			children = (
				9CE5AF701CE296E100445462 /* AppDelegate.h */,
				9CE5AF711CE296E100445462 /* AppDelegate.m */,
				9CE5AF841CE299EF00445462 /* HomeViewController.h */,
				9CE5AF851CE299EF00445462 /* HomeViewController.m */,
				9CE5AF871CE29A0D00445462 /* ContactViewController.h */,
				9CE5AF881CE29A0D00445462 /* ContactViewController.m */,
				9CE5AF8A1CE29A1600445462 /* HelpViewController.h */,
				9CE5AF8B1CE29A1600445462 /* HelpViewController.m */,
				163E6C5C1CE3A77800E971A0 /* MainViewController.h */,
				163E6C5D1CE3A77800E971A0 /* MainViewController.m */,
				163E6C621CE3BC9600E971A0 /* BodyViewController.h */,
				163E6C631CE3BC9600E971A0 /* BodyViewController.m */,
				9CE5AF791CE296E100445462 /* Assets.xcassets */,
				9CE5AF7B1CE296E100445462 /* LaunchScreen.storyboard */,
				9CE5AF7E1CE296E100445462 /* Info.plist */,
				9CE5AF6D1CE296E100445462 /* Supporting Files */,
			);
			path = FirstApp;
			sourceTree = "<group>";
		};
		9CE5AF6D1CE296E100445462 /* Supporting Files */ = {
			isa = PBXGroup;
			children = (
				9CE5AF6E1CE296E100445462 /* main.m */,
			);
			name = "Supporting Files";
			sourceTree = "<group>";
		};
/* End PBXGroup section */

/* Begin PBXNativeTarget section */
		9CE5AF691CE296E100445462 /* FirstApp */ = {
			isa = PBXNativeTarget;
			buildConfigurationList = 9CE5AF811CE296E100445462 /* Build configuration list for PBXNativeTarget "FirstApp" */;
			buildPhases = (
				9CE5AF661CE296E100445462 /* Sources */,
				9CE5AF671CE296E100445462 /* Frameworks */,
				9CE5AF681CE296E100445462 /* Resources */,
			);
			buildRules = (
			);
			dependencies = (
			);
			name = FirstApp;
			productName = FirstApp;
			productReference = 9CE5AF6A1CE296E100445462 /* FirstApp.app */;
			productType = "com.apple.product-type.application";
		};
/* End PBXNativeTarget section */

/* Begin PBXProject section */
		9CE5AF621CE296E100445462 /* Project object */ = {
			isa = PBXProject;
			attributes = {
				LastUpgradeCheck = 0730;
				ORGANIZATIONNAME = "Marcelo Mogrovejo";
				TargetAttributes = {
					9CE5AF691CE296E100445462 = {
						CreatedOnToolsVersion = 7.3;
					};
				};
			};
			buildConfigurationList = 9CE5AF651CE296E100445462 /* Build configuration list for PBXProject "FirstApp" */;
			compatibilityVersion = "Xcode 3.2";
			developmentRegion = English;
			hasScannedForEncodings = 0;
			knownRegions = (
				en,
				Base,
			);
			mainGroup = 9CE5AF611CE296E100445462;
			productRefGroup = 9CE5AF6B1CE296E100445462 /* Products */;
			projectDirPath = "";
			projectRoot = "";
			targets = (
				9CE5AF691CE296E100445462 /* FirstApp */,
			);
		};
/* End PBXProject section */

/* Begin PBXResourcesBuildPhase section */
		9CE5AF681CE296E100445462 /* Resources */ = {
			isa = PBXResourcesBuildPhase;
			buildActionMask = 2147483647;
			files = (
				9CE5AF7D1CE296E100445462 /* LaunchScreen.storyboard in Resources */,
				9CE5AF7A1CE296E100445462 /* Assets.xcassets in Resources */,
			);
			runOnlyForDeploymentPostprocessing = 0;
		};
/* End PBXResourcesBuildPhase section */

/* Begin PBXSourcesBuildPhase section */
		9CE5AF661CE296E100445462 /* Sources */ = {
			isa = PBXSourcesBuildPhase;
			buildActionMask = 2147483647;
			files = (
				9CE5AF8C1CE29A1600445462 /* HelpViewController.m in Sources */,
				9CE5AF721CE296E100445462 /* AppDelegate.m in Sources */,
				9CE5AF891CE29A0D00445462 /* ContactViewController.m in Sources */,
				163E6C5E1CE3A77800E971A0 /* MainViewController.m in Sources */,
				9CE5AF6F1CE296E100445462 /* main.m in Sources */,
				163E6C641CE3BC9600E971A0 /* BodyViewController.m in Sources */,
				9CE5AF861CE299EF00445462 /* HomeViewController.m in Sources */,
			);
			runOnlyForDeploymentPostprocessing = 0;
		};
/* End PBXSourcesBuildPhase section */

/* Begin PBXVariantGroup section */
		9CE5AF7B1CE296E100445462 /* LaunchScreen.storyboard */ = {
			isa = PBXVariantGroup;
			children = (
				9CE5AF7C1CE296E100445462 /* Base */,
			);
			name = LaunchScreen.storyboard;
			sourceTree = "<group>";
		};
/* End PBXVariantGroup section */

/* Begin XCBuildConfiguration section */
		9CE5AF7F1CE296E100445462 /* Debug */ = {
			isa = XCBuildConfiguration;
			buildSettings = {
				ALWAYS_SEARCH_USER_PATHS = NO;
				CLANG_ANALYZER_NONNULL = YES;
				CLANG_CXX_LANGUAGE_STANDARD = "gnu++0x";
				CLANG_CXX_LIBRARY = "libc++";
				CLANG_ENABLE_MODULES = YES;
				CLANG_ENABLE_OBJC_ARC = YES;
				CLANG_WARN_BOOL_CONVERSION = YES;
				CLANG_WARN_CONSTANT_CONVERSION = YES;
				CLANG_WARN_DIRECT_OBJC_ISA_USAGE = YES_ERROR;
				CLANG_WARN_EMPTY_BODY = YES;
				CLANG_WARN_ENUM_CONVERSION = YES;
				CLANG_WARN_INT_CONVERSION = YES;
				CLANG_WARN_OBJC_ROOT_CLASS = YES_ERROR;
				CLANG_WARN_UNREACHABLE_CODE = YES;
				CLANG_WARN__DUPLICATE_METHOD_MATCH = YES;
				"CODE_SIGN_IDENTITY[sdk=iphoneos*]" = "iPhone Developer";
				COPY_PHASE_STRIP = NO;
				DEBUG_INFORMATION_FORMAT = dwarf;
				ENABLE_STRICT_OBJC_MSGSEND = YES;
				ENABLE_TESTABILITY = YES;
				GCC_C_LANGUAGE_STANDARD = gnu99;
				GCC_DYNAMIC_NO_PIC = NO;
				GCC_NO_COMMON_BLOCKS = YES;
				GCC_OPTIMIZATION_LEVEL = 0;
				GCC_PREPROCESSOR_DEFINITIONS = (
					"DEBUG=1",
					"$(inherited)",
				);
				GCC_WARN_64_TO_32_BIT_CONVERSION = YES;
				GCC_WARN_ABOUT_RETURN_TYPE = YES_ERROR;
				GCC_WARN_UNDECLARED_SELECTOR = YES;
				GCC_WARN_UNINITIALIZED_AUTOS = YES_AGGRESSIVE;
				GCC_WARN_UNUSED_FUNCTION = YES;
				GCC_WARN_UNUSED_VARIABLE = YES;
				IPHONEOS_DEPLOYMENT_TARGET = 9.3;
				MTL_ENABLE_DEBUG_INFO = YES;
				ONLY_ACTIVE_ARCH = YES;
				SDKROOT = iphoneos;
				TARGETED_DEVICE_FAMILY = "1,2";
			};
			name = Debug;
		};
		9CE5AF801CE296E100445462 /* Release */ = {
			isa = XCBuildConfiguration;
			buildSettings = {
				ALWAYS_SEARCH_USER_PATHS = NO;
				CLANG_ANALYZER_NONNULL = YES;
				CLANG_CXX_LANGUAGE_STANDARD = "gnu++0x";
				CLANG_CXX_LIBRARY = "libc++";
				CLANG_ENABLE_MODULES = YES;
				CLANG_ENABLE_OBJC_ARC = YES;
				CLANG_WARN_BOOL_CONVERSION = YES;
				CLANG_WARN_CONSTANT_CONVERSION = YES;
				CLANG_WARN_DIRECT_OBJC_ISA_USAGE = YES_ERROR;
				CLANG_WARN_EMPTY_BODY = YES;
				CLANG_WARN_ENUM_CONVERSION = YES;
				CLANG_WARN_INT_CONVERSION = YES;
				CLANG_WARN_OBJC_ROOT_CLASS = YES_ERROR;
				CLANG_WARN_UNREACHABLE_CODE = YES;
				CLANG_WARN__DUPLICATE_METHOD_MATCH = YES;
				"CODE_SIGN_IDENTITY[sdk=iphoneos*]" = "iPhone Developer";
				COPY_PHASE_STRIP = NO;
				DEBUG_INFORMATION_FORMAT = "dwarf-with-dsym";
				ENABLE_NS_ASSERTIONS = NO;
				ENABLE_STRICT_OBJC_MSGSEND = YES;
				GCC_C_LANGUAGE_STANDARD = gnu99;
				GCC_NO_COMMON_BLOCKS = YES;
				GCC_WARN_64_TO_32_BIT_CONVERSION = YES;
				GCC_WARN_ABOUT_RETURN_TYPE = YES_ERROR;
				GCC_WARN_UNDECLARED_SELECTOR = YES;
				GCC_WARN_UNINITIALIZED_AUTOS = YES_AGGRESSIVE;
				GCC_WARN_UNUSED_FUNCTION = YES;
				GCC_WARN_UNUSED_VARIABLE = YES;
				IPHONEOS_DEPLOYMENT_TARGET = 9.3;
				MTL_ENABLE_DEBUG_INFO = NO;
				SDKROOT = iphoneos;
				TARGETED_DEVICE_FAMILY = "1,2";
				VALIDATE_PRODUCT = YES;
			};
			name = Release;
		};
		9CE5AF821CE296E100445462 /* Debug */ = {
			isa = XCBuildConfiguration;
			buildSettings = {
				ASSETCATALOG_COMPILER_APPICON_NAME = AppIcon;
				INFOPLIST_FILE = FirstApp/Info.plist;
				LD_RUNPATH_SEARCH_PATHS = "$(inherited) @executable_path/Frameworks";
				PRODUCT_BUNDLE_IDENTIFIER = org.skull.FirstApp;
				PRODUCT_NAME = "$(TARGET_NAME)";
			};
			name = Debug;
		};
		9CE5AF831CE296E100445462 /* Release */ = {
			isa = XCBuildConfiguration;
			buildSettings = {
				ASSETCATALOG_COMPILER_APPICON_NAME = AppIcon;
				INFOPLIST_FILE = FirstApp/Info.plist;
				LD_RUNPATH_SEARCH_PATHS = "$(inherited) @executable_path/Frameworks";
				PRODUCT_BUNDLE_IDENTIFIER = org.skull.FirstApp;
				PRODUCT_NAME = "$(TARGET_NAME)";
			};
			name = Release;
		};
/* End XCBuildConfiguration section */

/* Begin XCConfigurationList section */
		9CE5AF651CE296E100445462 /* Build configuration list for PBXProject "FirstApp" */ = {
			isa = XCConfigurationList;
			buildConfigurations = (
				9CE5AF7F1CE296E100445462 /* Debug */,
				9CE5AF801CE296E100445462 /* Release */,
			);
			defaultConfigurationIsVisible = 0;
			defaultConfigurationName = Release;
		};
		9CE5AF811CE296E100445462 /* Build configuration list for PBXNativeTarget "FirstApp" */ = {
			isa = XCConfigurationList;
			buildConfigurations = (
				9CE5AF821CE296E100445462 /* Debug */,
				9CE5AF831CE296E100445462 /* Release */,
			);
			defaultConfigurationIsVisible = 0;
			defaultConfigurationName = Release;
		};
/* End XCConfigurationList section */
	};
	rootObject = 9CE5AF621CE296E100445462 /* Project object */;
}
